
Microsoft Visual Studio Solution File, Format Version 12.00
# Visual Studio Version 17
VisualStudioVersion = 17.3.32922.545
MinimumVisualStudioVersion = 10.0.40219.1
Project("{9A19103F-16F7-4668-BE54-9A1E7A4F7556}") = "iDocsTestProject", "iDocsTestProject\iDocsTestProject.csproj", "{87D1D3E4-2CF6-4515-95E4-6EB01D2F495E}"
EndProject
Global
	GlobalSection(SolutionConfigurationPlatforms) = preSolution
		Debug|Any CPU = Debug|Any CPU
		Release|Any CPU = Release|Any CPU
	EndGlobalSection
	GlobalSection(ProjectConfigurationPlatforms) = postSolution
		{87D1D3E4-2CF6-4515-95E4-6EB01D2F495E}.Debug|Any CPU.ActiveCfg = Debug|Any CPU
		{87D1D3E4-2CF6-4515-95E4-6EB01D2F495E}.Debug|Any CPU.Build.0 = Debug|Any CPU
		{87D1D3E4-2CF6-4515-95E4-6EB01D2F495E}.Release|Any CPU.ActiveCfg = Release|Any CPU
		{87D1D3E4-2CF6-4515-95E4-6EB01D2F495E}.Release|Any CPU.Build.0 = Release|Any CPU
	EndGlobalSection
	GlobalSection(SolutionProperties) = preSolution
		HideSolutionNode = FALSE
	EndGlobalSection
	GlobalSection(ExtensibilityGlobals) = postSolution
		SolutionGuid = {489A6E03-4724-48C8-857F-416063890CD6}
	EndGlobalSection
EndGlobal
